
Microsoft Visual Studio Solution File, Format Version 12.00
# Visual Studio Version 16
VisualStudioVersion = 16.0.31424.327
MinimumVisualStudioVersion = 10.0.40219.1
Project("{8BC9CEB8-8B4A-11D0-8D11-00A0C91BC942}") = "task1", "task1\task1.vcxproj", "{ABE9C876-675A-47E2-BCFE-734D46F49BF4}"
EndProject
Project("{8BC9CEB8-8B4A-11D0-8D11-00A0C91BC942}") = "task2", "task2\task2.vcxproj", "{5EAA124E-5550-4B76-A665-3C17B99A2041}"
EndProject
Project("{8BC9CEB8-8B4A-11D0-8D11-00A0C91BC942}") = "task3", "task3\task3.vcxproj", "{25D02318-BEB8-468B-8505-A50A81EA5F9D}"
EndProject
Project("{8BC9CEB8-8B4A-11D0-8D11-00A0C91BC942}") = "Task2 tests", "Task2 tests\tests.vcxproj", "{FBB19FBF-FBD6-42C4-8077-9B4A4A0AB518}"
EndProject
Project("{8BC9CEB8-8B4A-11D0-8D11-00A0C91BC942}") = "Task3 tests", "Task3 tests\Task3 tests.vcxproj", "{9901FB99-5261-4F8F-8E51-E27FACC55E87}"
EndProject
Project("{8BC9CEB8-8B4A-11D0-8D11-00A0C91BC942}") = "task4", "task4\task4.vcxproj", "{28E97A70-841B-4DDE-9657-86E086052C56}"
EndProject
Project("{8BC9CEB8-8B4A-11D0-8D11-00A0C91BC942}") = "Task4 tests", "Task4 tests\Task4 tests.vcxproj", "{E58AC67C-E72C-46BB-AB83-7F09401EB756}"
EndProject
Project("{8BC9CEB8-8B4A-11D0-8D11-00A0C91BC942}") = "task5", "task5\task5.vcxproj", "{2CB9F306-E3D7-4E05-8256-F18905AB2777}"
EndProject
Project("{8BC9CEB8-8B4A-11D0-8D11-00A0C91BC942}") = "task6", "task6\task6.vcxproj", "{058DB14E-9E9B-4856-BA0A-B27C5955BC4D}"
EndProject
Project("{8BC9CEB8-8B4A-11D0-8D11-00A0C91BC942}") = "task7", "task7\task7.vcxproj", "{D131B89E-9133-488E-B93F-F1CD54ABFF0E}"
EndProject
Project("{8BC9CEB8-8B4A-11D0-8D11-00A0C91BC942}") = "task8", "task8\task8.vcxproj", "{CD911DCD-FE72-489B-B833-E23561FC7792}"
EndProject
Global
	GlobalSection(SolutionConfigurationPlatforms) = preSolution
		Debug|x64 = Debug|x64
		Debug|x86 = Debug|x86
		Release|x64 = Release|x64
		Release|x86 = Release|x86
	EndGlobalSection
	GlobalSection(ProjectConfigurationPlatforms) = postSolution
		{ABE9C876-675A-47E2-BCFE-734D46F49BF4}.Debug|x64.ActiveCfg = Debug|x64
		{ABE9C876-675A-47E2-BCFE-734D46F49BF4}.Debug|x64.Build.0 = Debug|x64
		{ABE9C876-675A-47E2-BCFE-734D46F49BF4}.Debug|x86.ActiveCfg = Debug|Win32
		{ABE9C876-675A-47E2-BCFE-734D46F49BF4}.Debug|x86.Build.0 = Debug|Win32
		{ABE9C876-675A-47E2-BCFE-734D46F49BF4}.Release|x64.ActiveCfg = Release|x64
		{ABE9C876-675A-47E2-BCFE-734D46F49BF4}.Release|x64.Build.0 = Release|x64
		{ABE9C876-675A-47E2-BCFE-734D46F49BF4}.Release|x86.ActiveCfg = Release|Win32
		{ABE9C876-675A-47E2-BCFE-734D46F49BF4}.Release|x86.Build.0 = Release|Win32
		{5EAA124E-5550-4B76-A665-3C17B99A2041}.Debug|x64.ActiveCfg = Debug|x64
		{5EAA124E-5550-4B76-A665-3C17B99A2041}.Debug|x64.Build.0 = Debug|x64
		{5EAA124E-5550-4B76-A665-3C17B99A2041}.Debug|x86.ActiveCfg = Debug|Win32
		{5EAA124E-5550-4B76-A665-3C17B99A2041}.Debug|x86.Build.0 = Debug|Win32
		{5EAA124E-5550-4B76-A665-3C17B99A2041}.Release|x64.ActiveCfg = Release|x64
		{5EAA124E-5550-4B76-A665-3C17B99A2041}.Release|x64.Build.0 = Release|x64
		{5EAA124E-5550-4B76-A665-3C17B99A2041}.Release|x86.ActiveCfg = Release|Win32
		{5EAA124E-5550-4B76-A665-3C17B99A2041}.Release|x86.Build.0 = Release|Win32
		{25D02318-BEB8-468B-8505-A50A81EA5F9D}.Debug|x64.ActiveCfg = Debug|x64
		{25D02318-BEB8-468B-8505-A50A81EA5F9D}.Debug|x64.Build.0 = Debug|x64
		{25D02318-BEB8-468B-8505-A50A81EA5F9D}.Debug|x86.ActiveCfg = Debug|Win32
		{25D02318-BEB8-468B-8505-A50A81EA5F9D}.Debug|x86.Build.0 = Debug|Win32
		{25D02318-BEB8-468B-8505-A50A81EA5F9D}.Release|x64.ActiveCfg = Release|x64
		{25D02318-BEB8-468B-8505-A50A81EA5F9D}.Release|x64.Build.0 = Release|x64
		{25D02318-BEB8-468B-8505-A50A81EA5F9D}.Release|x86.ActiveCfg = Release|Win32
		{25D02318-BEB8-468B-8505-A50A81EA5F9D}.Release|x86.Build.0 = Release|Win32
		{FBB19FBF-FBD6-42C4-8077-9B4A4A0AB518}.Debug|x64.ActiveCfg = Debug|x64
		{FBB19FBF-FBD6-42C4-8077-9B4A4A0AB518}.Debug|x64.Build.0 = Debug|x64
		{FBB19FBF-FBD6-42C4-8077-9B4A4A0AB518}.Debug|x86.ActiveCfg = Debug|Win32
		{FBB19FBF-FBD6-42C4-8077-9B4A4A0AB518}.Debug|x86.Build.0 = Debug|Win32
		{FBB19FBF-FBD6-42C4-8077-9B4A4A0AB518}.Release|x64.ActiveCfg = Release|x64
		{FBB19FBF-FBD6-42C4-8077-9B4A4A0AB518}.Release|x64.Build.0 = Release|x64
		{FBB19FBF-FBD6-42C4-8077-9B4A4A0AB518}.Release|x86.ActiveCfg = Release|Win32
		{FBB19FBF-FBD6-42C4-8077-9B4A4A0AB518}.Release|x86.Build.0 = Release|Win32
		{9901FB99-5261-4F8F-8E51-E27FACC55E87}.Debug|x64.ActiveCfg = Debug|x64
		{9901FB99-5261-4F8F-8E51-E27FACC55E87}.Debug|x64.Build.0 = Debug|x64
		{9901FB99-5261-4F8F-8E51-E27FACC55E87}.Debug|x86.ActiveCfg = Debug|Win32
		{9901FB99-5261-4F8F-8E51-E27FACC55E87}.Debug|x86.Build.0 = Debug|Win32
		{9901FB99-5261-4F8F-8E51-E27FACC55E87}.Release|x64.ActiveCfg = Release|x64
		{9901FB99-5261-4F8F-8E51-E27FACC55E87}.Release|x64.Build.0 = Release|x64
		{9901FB99-5261-4F8F-8E51-E27FACC55E87}.Release|x86.ActiveCfg = Release|Win32
		{9901FB99-5261-4F8F-8E51-E27FACC55E87}.Release|x86.Build.0 = Release|Win32
		{28E97A70-841B-4DDE-9657-86E086052C56}.Debug|x64.ActiveCfg = Debug|x64
		{28E97A70-841B-4DDE-9657-86E086052C56}.Debug|x64.Build.0 = Debug|x64
		{28E97A70-841B-4DDE-9657-86E086052C56}.Debug|x86.ActiveCfg = Debug|Win32
		{28E97A70-841B-4DDE-9657-86E086052C56}.Debug|x86.Build.0 = Debug|Win32
		{28E97A70-841B-4DDE-9657-86E086052C56}.Release|x64.ActiveCfg = Release|x64
		{28E97A70-841B-4DDE-9657-86E086052C56}.Release|x64.Build.0 = Release|x64
		{28E97A70-841B-4DDE-9657-86E086052C56}.Release|x86.ActiveCfg = Release|Win32
		{28E97A70-841B-4DDE-9657-86E086052C56}.Release|x86.Build.0 = Release|Win32
		{E58AC67C-E72C-46BB-AB83-7F09401EB756}.Debug|x64.ActiveCfg = Debug|x64
		{E58AC67C-E72C-46BB-AB83-7F09401EB756}.Debug|x64.Build.0 = Debug|x64
		{E58AC67C-E72C-46BB-AB83-7F09401EB756}.Debug|x86.ActiveCfg = Debug|Win32
		{E58AC67C-E72C-46BB-AB83-7F09401EB756}.Debug|x86.Build.0 = Debug|Win32
		{E58AC67C-E72C-46BB-AB83-7F09401EB756}.Release|x64.ActiveCfg = Release|x64
		{E58AC67C-E72C-46BB-AB83-7F09401EB756}.Release|x64.Build.0 = Release|x64
		{E58AC67C-E72C-46BB-AB83-7F09401EB756}.Release|x86.ActiveCfg = Release|Win32
		{E58AC67C-E72C-46BB-AB83-7F09401EB756}.Release|x86.Build.0 = Release|Win32
		{2CB9F306-E3D7-4E05-8256-F18905AB2777}.Debug|x64.ActiveCfg = Debug|x64
		{2CB9F306-E3D7-4E05-8256-F18905AB2777}.Debug|x64.Build.0 = Debug|x64
		{2CB9F306-E3D7-4E05-8256-F18905AB2777}.Debug|x86.ActiveCfg = Debug|Win32
		{2CB9F306-E3D7-4E05-8256-F18905AB2777}.Debug|x86.Build.0 = Debug|Win32
		{2CB9F306-E3D7-4E05-8256-F18905AB2777}.Release|x64.ActiveCfg = Release|x64
		{2CB9F306-E3D7-4E05-8256-F18905AB2777}.Release|x64.Build.0 = Release|x64
		{2CB9F306-E3D7-4E05-8256-F18905AB2777}.Release|x86.ActiveCfg = Release|Win32
		{2CB9F306-E3D7-4E05-8256-F18905AB2777}.Release|x86.Build.0 = Release|Win32
		{058DB14E-9E9B-4856-BA0A-B27C5955BC4D}.Debug|x64.ActiveCfg = Debug|x64
		{058DB14E-9E9B-4856-BA0A-B27C5955BC4D}.Debug|x64.Build.0 = Debug|x64
		{058DB14E-9E9B-4856-BA0A-B27C5955BC4D}.Debug|x86.ActiveCfg = Debug|Win32
		{058DB14E-9E9B-4856-BA0A-B27C5955BC4D}.Debug|x86.Build.0 = Debug|Win32
		{058DB14E-9E9B-4856-BA0A-B27C5955BC4D}.Release|x64.ActiveCfg = Release|x64
		{058DB14E-9E9B-4856-BA0A-B27C5955BC4D}.Release|x64.Build.0 = Release|x64
		{058DB14E-9E9B-4856-BA0A-B27C5955BC4D}.Release|x86.ActiveCfg = Release|Win32
		{058DB14E-9E9B-4856-BA0A-B27C5955BC4D}.Release|x86.Build.0 = Release|Win32
		{D131B89E-9133-488E-B93F-F1CD54ABFF0E}.Debug|x64.ActiveCfg = Debug|x64
		{D131B89E-9133-488E-B93F-F1CD54ABFF0E}.Debug|x64.Build.0 = Debug|x64
		{D131B89E-9133-488E-B93F-F1CD54ABFF0E}.Debug|x86.ActiveCfg = Debug|Win32
		{D131B89E-9133-488E-B93F-F1CD54ABFF0E}.Debug|x86.Build.0 = Debug|Win32
		{D131B89E-9133-488E-B93F-F1CD54ABFF0E}.Release|x64.ActiveCfg = Release|x64
		{D131B89E-9133-488E-B93F-F1CD54ABFF0E}.Release|x64.Build.0 = Release|x64
		{D131B89E-9133-488E-B93F-F1CD54ABFF0E}.Release|x86.ActiveCfg = Release|Win32
		{D131B89E-9133-488E-B93F-F1CD54ABFF0E}.Release|x86.Build.0 = Release|Win32
		{CD911DCD-FE72-489B-B833-E23561FC7792}.Debug|x64.ActiveCfg = Debug|x64
		{CD911DCD-FE72-489B-B833-E23561FC7792}.Debug|x64.Build.0 = Debug|x64
		{CD911DCD-FE72-489B-B833-E23561FC7792}.Debug|x86.ActiveCfg = Debug|Win32
		{CD911DCD-FE72-489B-B833-E23561FC7792}.Debug|x86.Build.0 = Debug|Win32
		{CD911DCD-FE72-489B-B833-E23561FC7792}.Release|x64.ActiveCfg = Release|x64
		{CD911DCD-FE72-489B-B833-E23561FC7792}.Release|x64.Build.0 = Release|x64
		{CD911DCD-FE72-489B-B833-E23561FC7792}.Release|x86.ActiveCfg = Release|Win32
		{CD911DCD-FE72-489B-B833-E23561FC7792}.Release|x86.Build.0 = Release|Win32
	EndGlobalSection
	GlobalSection(SolutionProperties) = preSolution
		HideSolutionNode = FALSE
	EndGlobalSection
	GlobalSection(ExtensibilityGlobals) = postSolution
		SolutionGuid = {0240AA15-3812-43EE-96D0-8551264E8445}
	EndGlobalSection
EndGlobal
